
Microsoft Visual Studio Solution File, Format Version 12.00
# Visual Studio Version 17
VisualStudioVersion = 17.10.34916.146
MinimumVisualStudioVersion = 10.0.40219.1
Project("{FAE04EC0-301F-11D3-BF4B-00C04F79EFBC}") = "EjercicioN7 p", "EjercicioN7 p\EjercicioN7 p.csproj", "{46A65049-8791-41E9-8560-AD5ACAAB419C}"
EndProject
Global
	GlobalSection(SolutionConfigurationPlatforms) = preSolution
		Debug|Any CPU = Debug|Any CPU
		Release|Any CPU = Release|Any CPU
	EndGlobalSection
	GlobalSection(ProjectConfigurationPlatforms) = postSolution
		{46A65049-8791-41E9-8560-AD5ACAAB419C}.Debug|Any CPU.ActiveCfg = Debug|Any CPU
		{46A65049-8791-41E9-8560-AD5ACAAB419C}.Debug|Any CPU.Build.0 = Debug|Any CPU
		{46A65049-8791-41E9-8560-AD5ACAAB419C}.Release|Any CPU.ActiveCfg = Release|Any CPU
		{46A65049-8791-41E9-8560-AD5ACAAB419C}.Release|Any CPU.Build.0 = Release|Any CPU
	EndGlobalSection
	GlobalSection(SolutionProperties) = preSolution
		HideSolutionNode = FALSE
	EndGlobalSection
	GlobalSection(ExtensibilityGlobals) = postSolution
		SolutionGuid = {B00CB20B-FF96-49EB-B4D7-60D7E770AE59}
	EndGlobalSection
EndGlobal
