
Microsoft Visual Studio Solution File, Format Version 12.00
# Visual Studio Version 17
VisualStudioVersion = 17.10.34916.146
MinimumVisualStudioVersion = 10.0.40219.1
Project("{FAE04EC0-301F-11D3-BF4B-00C04F79EFBC}") = "EjercicioN6 p", "EjercicioN6 p\EjercicioN6 p.csproj", "{C857C6E7-35BF-4C6D-B8E9-D3D3F15B0019}"
EndProject
Global
	GlobalSection(SolutionConfigurationPlatforms) = preSolution
		Debug|Any CPU = Debug|Any CPU
		Release|Any CPU = Release|Any CPU
	EndGlobalSection
	GlobalSection(ProjectConfigurationPlatforms) = postSolution
		{C857C6E7-35BF-4C6D-B8E9-D3D3F15B0019}.Debug|Any CPU.ActiveCfg = Debug|Any CPU
		{C857C6E7-35BF-4C6D-B8E9-D3D3F15B0019}.Debug|Any CPU.Build.0 = Debug|Any CPU
		{C857C6E7-35BF-4C6D-B8E9-D3D3F15B0019}.Release|Any CPU.ActiveCfg = Release|Any CPU
		{C857C6E7-35BF-4C6D-B8E9-D3D3F15B0019}.Release|Any CPU.Build.0 = Release|Any CPU
	EndGlobalSection
	GlobalSection(SolutionProperties) = preSolution
		HideSolutionNode = FALSE
	EndGlobalSection
	GlobalSection(ExtensibilityGlobals) = postSolution
		SolutionGuid = {E359F906-F78E-4C00-81D3-90C935BD5BC1}
	EndGlobalSection
EndGlobal
