
Microsoft Visual Studio Solution File, Format Version 12.00
# Visual Studio Version 17
VisualStudioVersion = 17.10.34916.146
MinimumVisualStudioVersion = 10.0.40219.1
Project("{FAE04EC0-301F-11D3-BF4B-00C04F79EFBC}") = "EjercicioN9 p", "EjercicioN9 p\EjercicioN9 p.csproj", "{2F0A8ABE-99AA-49A4-8F65-5BC31ED840BE}"
EndProject
Global
	GlobalSection(SolutionConfigurationPlatforms) = preSolution
		Debug|Any CPU = Debug|Any CPU
		Release|Any CPU = Release|Any CPU
	EndGlobalSection
	GlobalSection(ProjectConfigurationPlatforms) = postSolution
		{2F0A8ABE-99AA-49A4-8F65-5BC31ED840BE}.Debug|Any CPU.ActiveCfg = Debug|Any CPU
		{2F0A8ABE-99AA-49A4-8F65-5BC31ED840BE}.Debug|Any CPU.Build.0 = Debug|Any CPU
		{2F0A8ABE-99AA-49A4-8F65-5BC31ED840BE}.Release|Any CPU.ActiveCfg = Release|Any CPU
		{2F0A8ABE-99AA-49A4-8F65-5BC31ED840BE}.Release|Any CPU.Build.0 = Release|Any CPU
	EndGlobalSection
	GlobalSection(SolutionProperties) = preSolution
		HideSolutionNode = FALSE
	EndGlobalSection
	GlobalSection(ExtensibilityGlobals) = postSolution
		SolutionGuid = {1483FD02-04B0-4AC1-9CCE-9A3DBF724058}
	EndGlobalSection
EndGlobal
